
Microsoft Visual Studio Solution File, Format Version 12.00
# Visual Studio Version 16
VisualStudioVersion = 16.0.29503.13
MinimumVisualStudioVersion = 10.0.40219.1
Project("{FAE04EC0-301F-11D3-BF4B-00C04F79EFBC}") = "MicroServicos.Autentica.API", "MicroServicos.Autentica.API.csproj", "{7212C829-6CB1-44D3-924A-875E78CD8705}"
EndProject
Global
	GlobalSection(SolutionConfigurationPlatforms) = preSolution
		Debug|Any CPU = Debug|Any CPU
		Release|Any CPU = Release|Any CPU
	EndGlobalSection
	GlobalSection(ProjectConfigurationPlatforms) = postSolution
		{7212C829-6CB1-44D3-924A-875E78CD8705}.Debug|Any CPU.ActiveCfg = Debug|Any CPU
		{7212C829-6CB1-44D3-924A-875E78CD8705}.Debug|Any CPU.Build.0 = Debug|Any CPU
		{7212C829-6CB1-44D3-924A-875E78CD8705}.Release|Any CPU.ActiveCfg = Release|Any CPU
		{7212C829-6CB1-44D3-924A-875E78CD8705}.Release|Any CPU.Build.0 = Release|Any CPU
	EndGlobalSection
	GlobalSection(SolutionProperties) = preSolution
		HideSolutionNode = FALSE
	EndGlobalSection
	GlobalSection(ExtensibilityGlobals) = postSolution
		SolutionGuid = {F04E3C5D-7910-4DF1-9E0D-EA2E5AF72EAD}
	EndGlobalSection
EndGlobal
