
Microsoft Visual Studio Solution File, Format Version 12.00
# Visual Studio Version 16
VisualStudioVersion = 16.0.29503.13
MinimumVisualStudioVersion = 10.0.40219.1
Project("{9A19103F-16F7-4668-BE54-9A1E7A4F7556}") = "MicroServicos.Gateway.API", "MicroServicos.Gateway.API.csproj", "{CFB57C7C-2EC3-4A9E-87F5-A3EF59F7D7B0}"
EndProject
Global
	GlobalSection(SolutionConfigurationPlatforms) = preSolution
		Debug|Any CPU = Debug|Any CPU
		Release|Any CPU = Release|Any CPU
	EndGlobalSection
	GlobalSection(ProjectConfigurationPlatforms) = postSolution
		{CFB57C7C-2EC3-4A9E-87F5-A3EF59F7D7B0}.Debug|Any CPU.ActiveCfg = Debug|Any CPU
		{CFB57C7C-2EC3-4A9E-87F5-A3EF59F7D7B0}.Debug|Any CPU.Build.0 = Debug|Any CPU
		{CFB57C7C-2EC3-4A9E-87F5-A3EF59F7D7B0}.Release|Any CPU.ActiveCfg = Release|Any CPU
		{CFB57C7C-2EC3-4A9E-87F5-A3EF59F7D7B0}.Release|Any CPU.Build.0 = Release|Any CPU
	EndGlobalSection
	GlobalSection(SolutionProperties) = preSolution
		HideSolutionNode = FALSE
	EndGlobalSection
	GlobalSection(ExtensibilityGlobals) = postSolution
		SolutionGuid = {7B16B99A-20F6-44E8-B4D2-E311C333421B}
	EndGlobalSection
EndGlobal
